
Microsoft Visual Studio Solution File, Format Version 12.00
# Visual Studio Version 17
VisualStudioVersion = 17.14.36414.22 d17.14
MinimumVisualStudioVersion = 10.0.40219.1
Project("{FAE04EC0-301F-11D3-BF4B-00C04F79EFBC}") = "SmartE-commers", "SmartE-commers\SmartE-commers.csproj", "{B66334AF-39CC-4CE8-B862-7F768E45697E}"
EndProject
Global
	GlobalSection(SolutionConfigurationPlatforms) = preSolution
		Debug|Any CPU = Debug|Any CPU
		Release|Any CPU = Release|Any CPU
	EndGlobalSection
	GlobalSection(ProjectConfigurationPlatforms) = postSolution
		{B66334AF-39CC-4CE8-B862-7F768E45697E}.Debug|Any CPU.ActiveCfg = Debug|Any CPU
		{B66334AF-39CC-4CE8-B862-7F768E45697E}.Debug|Any CPU.Build.0 = Debug|Any CPU
		{B66334AF-39CC-4CE8-B862-7F768E45697E}.Release|Any CPU.ActiveCfg = Release|Any CPU
		{B66334AF-39CC-4CE8-B862-7F768E45697E}.Release|Any CPU.Build.0 = Release|Any CPU
	EndGlobalSection
	GlobalSection(SolutionProperties) = preSolution
		HideSolutionNode = FALSE
	EndGlobalSection
	GlobalSection(ExtensibilityGlobals) = postSolution
		SolutionGuid = {F3C2C516-BE21-4D06-9C36-07D654645D25}
	EndGlobalSection
EndGlobal
